
Microsoft Visual Studio Solution File, Format Version 12.00
# Visual Studio Version 17
VisualStudioVersion = 17.4.33027.239
MinimumVisualStudioVersion = 10.0.40219.1
Project("{FAE04EC0-301F-11D3-BF4B-00C04F79EFBC}") = "StoreAndRetrieveImage", "StoreAndRetrieveImage\StoreAndRetrieveImage.csproj", "{5F911177-0233-4263-A8AB-A14C54CEFEAD}"
EndProject
Global
	GlobalSection(SolutionConfigurationPlatforms) = preSolution
		Debug|Any CPU = Debug|Any CPU
		Release|Any CPU = Release|Any CPU
	EndGlobalSection
	GlobalSection(ProjectConfigurationPlatforms) = postSolution
		{5F911177-0233-4263-A8AB-A14C54CEFEAD}.Debug|Any CPU.ActiveCfg = Debug|Any CPU
		{5F911177-0233-4263-A8AB-A14C54CEFEAD}.Debug|Any CPU.Build.0 = Debug|Any CPU
		{5F911177-0233-4263-A8AB-A14C54CEFEAD}.Release|Any CPU.ActiveCfg = Release|Any CPU
		{5F911177-0233-4263-A8AB-A14C54CEFEAD}.Release|Any CPU.Build.0 = Release|Any CPU
	EndGlobalSection
	GlobalSection(SolutionProperties) = preSolution
		HideSolutionNode = FALSE
	EndGlobalSection
	GlobalSection(ExtensibilityGlobals) = postSolution
		SolutionGuid = {7B1B73B0-E3A1-40CB-ADBA-0C0CDEC251DF}
	EndGlobalSection
EndGlobal
